// !$*UTF8*$!
{
	archiveVersion = 1;
	classes = {
	};
	objectVersion = 56;
	objects = {

/* Begin PBXBuildFile section */
		CE873BEF2E3ED650003C21AC /* MarvelTableViewCell.swift in Sources */ = {isa = PBXBuildFile; fileRef = CE873BED2E3ED650003C21AC /* MarvelTableViewCell.swift */; };
		CE873BF02E3ED650003C21AC /* MarvelTableViewCell.xib in Resources */ = {isa = PBXBuildFile; fileRef = CE873BEE2E3ED650003C21AC /* MarvelTableViewCell.xib */; };
		CE873BFA2E4017FD003C21AC /* FavoritesTableViewController.swift in Sources */ = {isa = PBXBuildFile; fileRef = CE873BF92E4017FD003C21AC /* FavoritesTableViewController.swift */; };
		CE873BFC2E4021D1003C21AC /* AsyncPhotos.swift in Sources */ = {isa = PBXBuildFile; fileRef = CE873BFB2E4021D1003C21AC /* AsyncPhotos.swift */; };
		CEB338C12E398BD400ADA901 /* AppDelegate.swift in Sources */ = {isa = PBXBuildFile; fileRef = CEB338C02E398BD400ADA901 /* AppDelegate.swift */; };
		CEB338C32E398BD400ADA901 /* SceneDelegate.swift in Sources */ = {isa = PBXBuildFile; fileRef = CEB338C22E398BD400ADA901 /* SceneDelegate.swift */; };
		CEB338C52E398BD400ADA901 /* ViewController.swift in Sources */ = {isa = PBXBuildFile; fileRef = CEB338C42E398BD400ADA901 /* ViewController.swift */; };
		CEB338C82E398BD400ADA901 /* Main.storyboard in Resources */ = {isa = PBXBuildFile; fileRef = CEB338C62E398BD400ADA901 /* Main.storyboard */; };
		CEB338CA2E398BD600ADA901 /* Assets.xcassets in Resources */ = {isa = PBXBuildFile; fileRef = CEB338C92E398BD600ADA901 /* Assets.xcassets */; };
		CEB338CD2E398BD600ADA901 /* LaunchScreen.storyboard in Resources */ = {isa = PBXBuildFile; fileRef = CEB338CB2E398BD600ADA901 /* LaunchScreen.storyboard */; };
		CEB338D52E39A12700ADA901 /* NetworkCall.swift in Sources */ = {isa = PBXBuildFile; fileRef = CEB338D42E39A12700ADA901 /* NetworkCall.swift */; };
		CEB338D72E39A15400ADA901 /* MarvelModels.swift in Sources */ = {isa = PBXBuildFile; fileRef = CEB338D62E39A15400ADA901 /* MarvelModels.swift */; };
		CEB338DA2E39A39400ADA901 /* MarvelStories.swift in Sources */ = {isa = PBXBuildFile; fileRef = CEB338D92E39A39400ADA901 /* MarvelStories.swift */; };
		CEB338DD2E39AACC00ADA901 /* UrlsModels.swift in Sources */ = {isa = PBXBuildFile; fileRef = CEB338DC2E39AACC00ADA901 /* UrlsModels.swift */; };
		CEB338E42E3C580100ADA901 /* Model.xcdatamodeld in Sources */ = {isa = PBXBuildFile; fileRef = CEB338E22E3C580100ADA901 /* Model.xcdatamodeld */; };
		CEB338EB2E3DB23F00ADA901 /* LoginViewController.swift in Sources */ = {isa = PBXBuildFile; fileRef = CEB338E92E3DB23F00ADA901 /* LoginViewController.swift */; };
		CEB338EE2E3DB51100ADA901 /* LoginView.swift in Sources */ = {isa = PBXBuildFile; fileRef = CEB338ED2E3DB51100ADA901 /* LoginView.swift */; };
		CEB338F22E3DBE8900ADA901 /* MavelTableViewController.swift in Sources */ = {isa = PBXBuildFile; fileRef = CEB338F12E3DBE8900ADA901 /* MavelTableViewController.swift */; };
/* End PBXBuildFile section */

/* Begin PBXFileReference section */
		CE873BED2E3ED650003C21AC /* MarvelTableViewCell.swift */ = {isa = PBXFileReference; lastKnownFileType = sourcecode.swift; path = MarvelTableViewCell.swift; sourceTree = "<group>"; };
		CE873BEE2E3ED650003C21AC /* MarvelTableViewCell.xib */ = {isa = PBXFileReference; lastKnownFileType = file.xib; path = MarvelTableViewCell.xib; sourceTree = "<group>"; };
		CE873BF92E4017FD003C21AC /* FavoritesTableViewController.swift */ = {isa = PBXFileReference; lastKnownFileType = sourcecode.swift; path = FavoritesTableViewController.swift; sourceTree = "<group>"; };
		CE873BFB2E4021D1003C21AC /* AsyncPhotos.swift */ = {isa = PBXFileReference; lastKnownFileType = sourcecode.swift; path = AsyncPhotos.swift; sourceTree = "<group>"; };
		CEB338BD2E398BD400ADA901 /* MarvelProveCD.app */ = {isa = PBXFileReference; explicitFileType = wrapper.application; includeInIndex = 0; path = MarvelProveCD.app; sourceTree = BUILT_PRODUCTS_DIR; };
		CEB338C02E398BD400ADA901 /* AppDelegate.swift */ = {isa = PBXFileReference; lastKnownFileType = sourcecode.swift; path = AppDelegate.swift; sourceTree = "<group>"; };
		CEB338C22E398BD400ADA901 /* SceneDelegate.swift */ = {isa = PBXFileReference; lastKnownFileType = sourcecode.swift; path = SceneDelegate.swift; sourceTree = "<group>"; };
		CEB338C42E398BD400ADA901 /* ViewController.swift */ = {isa = PBXFileReference; lastKnownFileType = sourcecode.swift; path = ViewController.swift; sourceTree = "<group>"; };
		CEB338C72E398BD400ADA901 /* Base */ = {isa = PBXFileReference; lastKnownFileType = file.storyboard; name = Base; path = Base.lproj/Main.storyboard; sourceTree = "<group>"; };
		CEB338C92E398BD600ADA901 /* Assets.xcassets */ = {isa = PBXFileReference; lastKnownFileType = folder.assetcatalog; path = Assets.xcassets; sourceTree = "<group>"; };
		CEB338CC2E398BD600ADA901 /* Base */ = {isa = PBXFileReference; lastKnownFileType = file.storyboard; name = Base; path = Base.lproj/LaunchScreen.storyboard; sourceTree = "<group>"; };
		CEB338CE2E398BD600ADA901 /* Info.plist */ = {isa = PBXFileReference; lastKnownFileType = text.plist.xml; path = Info.plist; sourceTree = "<group>"; };
		CEB338D42E39A12700ADA901 /* NetworkCall.swift */ = {isa = PBXFileReference; lastKnownFileType = sourcecode.swift; path = NetworkCall.swift; sourceTree = "<group>"; };
		CEB338D62E39A15400ADA901 /* MarvelModels.swift */ = {isa = PBXFileReference; lastKnownFileType = sourcecode.swift; path = MarvelModels.swift; sourceTree = "<group>"; };
		CEB338D92E39A39400ADA901 /* MarvelStories.swift */ = {isa = PBXFileReference; lastKnownFileType = sourcecode.swift; path = MarvelStories.swift; sourceTree = "<group>"; };
		CEB338DC2E39AACC00ADA901 /* UrlsModels.swift */ = {isa = PBXFileReference; lastKnownFileType = sourcecode.swift; path = UrlsModels.swift; sourceTree = "<group>"; };
		CEB338E32E3C580100ADA901 /* Model.xcdatamodel */ = {isa = PBXFileReference; lastKnownFileType = wrapper.xcdatamodel; path = Model.xcdatamodel; sourceTree = "<group>"; };
		CEB338E92E3DB23F00ADA901 /* LoginViewController.swift */ = {isa = PBXFileReference; lastKnownFileType = sourcecode.swift; path = LoginViewController.swift; sourceTree = "<group>"; };
		CEB338ED2E3DB51100ADA901 /* LoginView.swift */ = {isa = PBXFileReference; lastKnownFileType = sourcecode.swift; path = LoginView.swift; sourceTree = "<group>"; };
		CEB338F12E3DBE8900ADA901 /* MavelTableViewController.swift */ = {isa = PBXFileReference; lastKnownFileType = sourcecode.swift; path = MavelTableViewController.swift; sourceTree = "<group>"; };
/* End PBXFileReference section */

/* Begin PBXFrameworksBuildPhase section */
		CEB338BA2E398BD400ADA901 /* Frameworks */ = {
			isa = PBXFrameworksBuildPhase;
			buildActionMask = 2147483647;
			files = (
			);
			runOnlyForDeploymentPostprocessing = 0;
		};
/* End PBXFrameworksBuildPhase section */

/* Begin PBXGroup section */
		CE873BFD2E403537003C21AC /* Extensions */ = {
			isa = PBXGroup;
			children = (
				CEB338DC2E39AACC00ADA901 /* UrlsModels.swift */,
				CE873BFB2E4021D1003C21AC /* AsyncPhotos.swift */,
			);
			path = Extensions;
			sourceTree = "<group>";
		};
		CEB338B42E398BD400ADA901 = {
			isa = PBXGroup;
			children = (
				CEB338BF2E398BD400ADA901 /* MarvelProveCD */,
				CEB338BE2E398BD400ADA901 /* Products */,
			);
			sourceTree = "<group>";
		};
		CEB338BE2E398BD400ADA901 /* Products */ = {
			isa = PBXGroup;
			children = (
				CEB338BD2E398BD400ADA901 /* MarvelProveCD.app */,
			);
			name = Products;
			sourceTree = "<group>";
		};
		CEB338BF2E398BD400ADA901 /* MarvelProveCD */ = {
			isa = PBXGroup;
			children = (
				CE873BFD2E403537003C21AC /* Extensions */,
				CEB338E12E3C57F000ADA901 /* DataCore */,
				CEB338DE2E3C568000ADA901 /* Views */,
				CEB338DB2E39AAB300ADA901 /* Networks */,
				CEB338D82E39A35D00ADA901 /* Models */,
				CEB338C02E398BD400ADA901 /* AppDelegate.swift */,
				CEB338C22E398BD400ADA901 /* SceneDelegate.swift */,
				CEB338C42E398BD400ADA901 /* ViewController.swift */,
				CEB338C62E398BD400ADA901 /* Main.storyboard */,
				CEB338C92E398BD600ADA901 /* Assets.xcassets */,
				CEB338CB2E398BD600ADA901 /* LaunchScreen.storyboard */,
				CEB338CE2E398BD600ADA901 /* Info.plist */,
			);
			path = MarvelProveCD;
			sourceTree = "<group>";
		};
		CEB338D82E39A35D00ADA901 /* Models */ = {
			isa = PBXGroup;
			children = (
				CEB338D62E39A15400ADA901 /* MarvelModels.swift */,
				CEB338D92E39A39400ADA901 /* MarvelStories.swift */,
			);
			path = Models;
			sourceTree = "<group>";
		};
		CEB338DB2E39AAB300ADA901 /* Networks */ = {
			isa = PBXGroup;
			children = (
				CEB338D42E39A12700ADA901 /* NetworkCall.swift */,
			);
			path = Networks;
			sourceTree = "<group>";
		};
		CEB338DE2E3C568000ADA901 /* Views */ = {
			isa = PBXGroup;
			children = (
				CEB338F02E3DBD8E00ADA901 /* HerosList */,
				CEB338EF2E3DBD7700ADA901 /* LoginView */,
			);
			path = Views;
			sourceTree = "<group>";
		};
		CEB338E12E3C57F000ADA901 /* DataCore */ = {
			isa = PBXGroup;
			children = (
				CEB338E22E3C580100ADA901 /* Model.xcdatamodeld */,
			);
			path = DataCore;
			sourceTree = "<group>";
		};
		CEB338EF2E3DBD7700ADA901 /* LoginView */ = {
			isa = PBXGroup;
			children = (
				CEB338E92E3DB23F00ADA901 /* LoginViewController.swift */,
				CEB338ED2E3DB51100ADA901 /* LoginView.swift */,
			);
			path = LoginView;
			sourceTree = "<group>";
		};
		CEB338F02E3DBD8E00ADA901 /* HerosList */ = {
			isa = PBXGroup;
			children = (
				CEB338F32E3DBE9000ADA901 /* Celdas */,
				CEB338F12E3DBE8900ADA901 /* MavelTableViewController.swift */,
				CE873BF92E4017FD003C21AC /* FavoritesTableViewController.swift */,
			);
			path = HerosList;
			sourceTree = "<group>";
		};
		CEB338F32E3DBE9000ADA901 /* Celdas */ = {
			isa = PBXGroup;
			children = (
				CE873BED2E3ED650003C21AC /* MarvelTableViewCell.swift */,
				CE873BEE2E3ED650003C21AC /* MarvelTableViewCell.xib */,
			);
			path = Celdas;
			sourceTree = "<group>";
		};
/* End PBXGroup section */

/* Begin PBXNativeTarget section */
		CEB338BC2E398BD400ADA901 /* MarvelProveCD */ = {
			isa = PBXNativeTarget;
			buildConfigurationList = CEB338D12E398BD600ADA901 /* Build configuration list for PBXNativeTarget "MarvelProveCD" */;
			buildPhases = (
				CEB338B92E398BD400ADA901 /* Sources */,
				CEB338BA2E398BD400ADA901 /* Frameworks */,
				CEB338BB2E398BD400ADA901 /* Resources */,
			);
			buildRules = (
			);
			dependencies = (
			);
			name = MarvelProveCD;
			productName = MarvelProveCD;
			productReference = CEB338BD2E398BD400ADA901 /* MarvelProveCD.app */;
			productType = "com.apple.product-type.application";
		};
/* End PBXNativeTarget section */

/* Begin PBXProject section */
		CEB338B52E398BD400ADA901 /* Project object */ = {
			isa = PBXProject;
			attributes = {
				BuildIndependentTargetsInParallel = 1;
				LastSwiftUpdateCheck = 1400;
				LastUpgradeCheck = 1400;
				TargetAttributes = {
					CEB338BC2E398BD400ADA901 = {
						CreatedOnToolsVersion = 14.0.1;
					};
				};
			};
			buildConfigurationList = CEB338B82E398BD400ADA901 /* Build configuration list for PBXProject "MarvelProveCD" */;
			compatibilityVersion = "Xcode 14.0";
			developmentRegion = en;
			hasScannedForEncodings = 0;
			knownRegions = (
				en,
				Base,
			);
			mainGroup = CEB338B42E398BD400ADA901;
			productRefGroup = CEB338BE2E398BD400ADA901 /* Products */;
			projectDirPath = "";
			projectRoot = "";
			targets = (
				CEB338BC2E398BD400ADA901 /* MarvelProveCD */,
			);
		};
/* End PBXProject section */

/* Begin PBXResourcesBuildPhase section */
		CEB338BB2E398BD400ADA901 /* Resources */ = {
			isa = PBXResourcesBuildPhase;
			buildActionMask = 2147483647;
			files = (
				CEB338CD2E398BD600ADA901 /* LaunchScreen.storyboard in Resources */,
				CEB338CA2E398BD600ADA901 /* Assets.xcassets in Resources */,
				CE873BF02E3ED650003C21AC /* MarvelTableViewCell.xib in Resources */,
				CEB338C82E398BD400ADA901 /* Main.storyboard in Resources */,
			);
			runOnlyForDeploymentPostprocessing = 0;
		};
/* End PBXResourcesBuildPhase section */

/* Begin PBXSourcesBuildPhase section */
		CEB338B92E398BD400ADA901 /* Sources */ = {
			isa = PBXSourcesBuildPhase;
			buildActionMask = 2147483647;
			files = (
				CEB338DA2E39A39400ADA901 /* MarvelStories.swift in Sources */,
				CE873BFC2E4021D1003C21AC /* AsyncPhotos.swift in Sources */,
				CE873BFA2E4017FD003C21AC /* FavoritesTableViewController.swift in Sources */,
				CEB338DD2E39AACC00ADA901 /* UrlsModels.swift in Sources */,
				CEB338C52E398BD400ADA901 /* ViewController.swift in Sources */,
				CEB338C12E398BD400ADA901 /* AppDelegate.swift in Sources */,
				CEB338E42E3C580100ADA901 /* Model.xcdatamodeld in Sources */,
				CEB338D52E39A12700ADA901 /* NetworkCall.swift in Sources */,
				CEB338D72E39A15400ADA901 /* MarvelModels.swift in Sources */,
				CE873BEF2E3ED650003C21AC /* MarvelTableViewCell.swift in Sources */,
				CEB338EE2E3DB51100ADA901 /* LoginView.swift in Sources */,
				CEB338F22E3DBE8900ADA901 /* MavelTableViewController.swift in Sources */,
				CEB338EB2E3DB23F00ADA901 /* LoginViewController.swift in Sources */,
				CEB338C32E398BD400ADA901 /* SceneDelegate.swift in Sources */,
			);
			runOnlyForDeploymentPostprocessing = 0;
		};
/* End PBXSourcesBuildPhase section */

/* Begin PBXVariantGroup section */
		CEB338C62E398BD400ADA901 /* Main.storyboard */ = {
			isa = PBXVariantGroup;
			children = (
				CEB338C72E398BD400ADA901 /* Base */,
			);
			name = Main.storyboard;
			sourceTree = "<group>";
		};
		CEB338CB2E398BD600ADA901 /* LaunchScreen.storyboard */ = {
			isa = PBXVariantGroup;
			children = (
				CEB338CC2E398BD600ADA901 /* Base */,
			);
			name = LaunchScreen.storyboard;
			sourceTree = "<group>";
		};
/* End PBXVariantGroup section */

/* Begin XCBuildConfiguration section */
		CEB338CF2E398BD600ADA901 /* Debug */ = {
			isa = XCBuildConfiguration;
			buildSettings = {
				ALWAYS_SEARCH_USER_PATHS = NO;
				CLANG_ANALYZER_NONNULL = YES;
				CLANG_ANALYZER_NUMBER_OBJECT_CONVERSION = YES_AGGRESSIVE;
				CLANG_CXX_LANGUAGE_STANDARD = "gnu++20";
				CLANG_ENABLE_MODULES = YES;
				CLANG_ENABLE_OBJC_ARC = YES;
				CLANG_ENABLE_OBJC_WEAK = YES;
				CLANG_WARN_BLOCK_CAPTURE_AUTORELEASING = YES;
				CLANG_WARN_BOOL_CONVERSION = YES;
				CLANG_WARN_COMMA = YES;
				CLANG_WARN_CONSTANT_CONVERSION = YES;
				CLANG_WARN_DEPRECATED_OBJC_IMPLEMENTATIONS = YES;
				CLANG_WARN_DIRECT_OBJC_ISA_USAGE = YES_ERROR;
				CLANG_WARN_DOCUMENTATION_COMMENTS = YES;
				CLANG_WARN_EMPTY_BODY = YES;
				CLANG_WARN_ENUM_CONVERSION = YES;
				CLANG_WARN_INFINITE_RECURSION = YES;
				CLANG_WARN_INT_CONVERSION = YES;
				CLANG_WARN_NON_LITERAL_NULL_CONVERSION = YES;
				CLANG_WARN_OBJC_IMPLICIT_RETAIN_SELF = YES;
				CLANG_WARN_OBJC_LITERAL_CONVERSION = YES;
				CLANG_WARN_OBJC_ROOT_CLASS = YES_ERROR;
				CLANG_WARN_QUOTED_INCLUDE_IN_FRAMEWORK_HEADER = YES;
				CLANG_WARN_RANGE_LOOP_ANALYSIS = YES;
				CLANG_WARN_STRICT_PROTOTYPES = YES;
				CLANG_WARN_SUSPICIOUS_MOVE = YES;
				CLANG_WARN_UNGUARDED_AVAILABILITY = YES_AGGRESSIVE;
				CLANG_WARN_UNREACHABLE_CODE = YES;
				CLANG_WARN__DUPLICATE_METHOD_MATCH = YES;
				COPY_PHASE_STRIP = NO;
				DEBUG_INFORMATION_FORMAT = dwarf;
				ENABLE_STRICT_OBJC_MSGSEND = YES;
				ENABLE_TESTABILITY = YES;
				GCC_C_LANGUAGE_STANDARD = gnu11;
				GCC_DYNAMIC_NO_PIC = NO;
				GCC_NO_COMMON_BLOCKS = YES;
				GCC_OPTIMIZATION_LEVEL = 0;
				GCC_PREPROCESSOR_DEFINITIONS = (
					"DEBUG=1",
					"$(inherited)",
				);
				GCC_WARN_64_TO_32_BIT_CONVERSION = YES;
				GCC_WARN_ABOUT_RETURN_TYPE = YES_ERROR;
				GCC_WARN_UNDECLARED_SELECTOR = YES;
				GCC_WARN_UNINITIALIZED_AUTOS = YES_AGGRESSIVE;
				GCC_WARN_UNUSED_FUNCTION = YES;
				GCC_WARN_UNUSED_VARIABLE = YES;
				IPHONEOS_DEPLOYMENT_TARGET = 16.0;
				MTL_ENABLE_DEBUG_INFO = INCLUDE_SOURCE;
				MTL_FAST_MATH = YES;
				ONLY_ACTIVE_ARCH = YES;
				SDKROOT = iphoneos;
				SWIFT_ACTIVE_COMPILATION_CONDITIONS = DEBUG;
				SWIFT_OPTIMIZATION_LEVEL = "-Onone";
			};
			name = Debug;
		};
		CEB338D02E398BD600ADA901 /* Release */ = {
			isa = XCBuildConfiguration;
			buildSettings = {
				ALWAYS_SEARCH_USER_PATHS = NO;
				CLANG_ANALYZER_NONNULL = YES;
				CLANG_ANALYZER_NUMBER_OBJECT_CONVERSION = YES_AGGRESSIVE;
				CLANG_CXX_LANGUAGE_STANDARD = "gnu++20";
				CLANG_ENABLE_MODULES = YES;
				CLANG_ENABLE_OBJC_ARC = YES;
				CLANG_ENABLE_OBJC_WEAK = YES;
				CLANG_WARN_BLOCK_CAPTURE_AUTORELEASING = YES;
				CLANG_WARN_BOOL_CONVERSION = YES;
				CLANG_WARN_COMMA = YES;
				CLANG_WARN_CONSTANT_CONVERSION = YES;
				CLANG_WARN_DEPRECATED_OBJC_IMPLEMENTATIONS = YES;
				CLANG_WARN_DIRECT_OBJC_ISA_USAGE = YES_ERROR;
				CLANG_WARN_DOCUMENTATION_COMMENTS = YES;
				CLANG_WARN_EMPTY_BODY = YES;
				CLANG_WARN_ENUM_CONVERSION = YES;
				CLANG_WARN_INFINITE_RECURSION = YES;
				CLANG_WARN_INT_CONVERSION = YES;
				CLANG_WARN_NON_LITERAL_NULL_CONVERSION = YES;
				CLANG_WARN_OBJC_IMPLICIT_RETAIN_SELF = YES;
				CLANG_WARN_OBJC_LITERAL_CONVERSION = YES;
				CLANG_WARN_OBJC_ROOT_CLASS = YES_ERROR;
				CLANG_WARN_QUOTED_INCLUDE_IN_FRAMEWORK_HEADER = YES;
				CLANG_WARN_RANGE_LOOP_ANALYSIS = YES;
				CLANG_WARN_STRICT_PROTOTYPES = YES;
				CLANG_WARN_SUSPICIOUS_MOVE = YES;
				CLANG_WARN_UNGUARDED_AVAILABILITY = YES_AGGRESSIVE;
				CLANG_WARN_UNREACHABLE_CODE = YES;
				CLANG_WARN__DUPLICATE_METHOD_MATCH = YES;
				COPY_PHASE_STRIP = NO;
				DEBUG_INFORMATION_FORMAT = "dwarf-with-dsym";
				ENABLE_NS_ASSERTIONS = NO;
				ENABLE_STRICT_OBJC_MSGSEND = YES;
				GCC_C_LANGUAGE_STANDARD = gnu11;
				GCC_NO_COMMON_BLOCKS = YES;
				GCC_WARN_64_TO_32_BIT_CONVERSION = YES;
				GCC_WARN_ABOUT_RETURN_TYPE = YES_ERROR;
				GCC_WARN_UNDECLARED_SELECTOR = YES;
				GCC_WARN_UNINITIALIZED_AUTOS = YES_AGGRESSIVE;
				GCC_WARN_UNUSED_FUNCTION = YES;
				GCC_WARN_UNUSED_VARIABLE = YES;
				IPHONEOS_DEPLOYMENT_TARGET = 16.0;
				MTL_ENABLE_DEBUG_INFO = NO;
				MTL_FAST_MATH = YES;
				SDKROOT = iphoneos;
				SWIFT_COMPILATION_MODE = wholemodule;
				SWIFT_OPTIMIZATION_LEVEL = "-O";
				VALIDATE_PRODUCT = YES;
			};
			name = Release;
		};
		CEB338D22E398BD600ADA901 /* Debug */ = {
			isa = XCBuildConfiguration;
			buildSettings = {
				ASSETCATALOG_COMPILER_APPICON_NAME = AppIcon;
				ASSETCATALOG_COMPILER_GLOBAL_ACCENT_COLOR_NAME = AccentColor;
				CODE_SIGN_STYLE = Automatic;
				CURRENT_PROJECT_VERSION = 1;
				DEVELOPMENT_TEAM = 5722V3U6DK;
				GENERATE_INFOPLIST_FILE = YES;
				INFOPLIST_FILE = MarvelProveCD/Info.plist;
				INFOPLIST_KEY_UIApplicationSupportsIndirectInputEvents = YES;
				INFOPLIST_KEY_UILaunchStoryboardName = LaunchScreen;
				INFOPLIST_KEY_UIMainStoryboardFile = Main;
				INFOPLIST_KEY_UISupportedInterfaceOrientations_iPad = "UIInterfaceOrientationPortrait UIInterfaceOrientationPortraitUpsideDown UIInterfaceOrientationLandscapeLeft UIInterfaceOrientationLandscapeRight";
				INFOPLIST_KEY_UISupportedInterfaceOrientations_iPhone = "UIInterfaceOrientationPortrait UIInterfaceOrientationLandscapeLeft UIInterfaceOrientationLandscapeRight";
				LD_RUNPATH_SEARCH_PATHS = (
					"$(inherited)",
					"@executable_path/Frameworks",
				);
				MARKETING_VERSION = 1.0;
				PRODUCT_BUNDLE_IDENTIFIER = io.zzuwiglaisi.MarvelProveCD;
				PRODUCT_NAME = "$(TARGET_NAME)";
				SWIFT_EMIT_LOC_STRINGS = YES;
				SWIFT_VERSION = 5.0;
				TARGETED_DEVICE_FAMILY = "1,2";
			};
			name = Debug;
		};
		CEB338D32E398BD600ADA901 /* Release */ = {
			isa = XCBuildConfiguration;
			buildSettings = {
				ASSETCATALOG_COMPILER_APPICON_NAME = AppIcon;
				ASSETCATALOG_COMPILER_GLOBAL_ACCENT_COLOR_NAME = AccentColor;
				CODE_SIGN_STYLE = Automatic;
				CURRENT_PROJECT_VERSION = 1;
				DEVELOPMENT_TEAM = 5722V3U6DK;
				GENERATE_INFOPLIST_FILE = YES;
				INFOPLIST_FILE = MarvelProveCD/Info.plist;
				INFOPLIST_KEY_UIApplicationSupportsIndirectInputEvents = YES;
				INFOPLIST_KEY_UILaunchStoryboardName = LaunchScreen;
				INFOPLIST_KEY_UIMainStoryboardFile = Main;
				INFOPLIST_KEY_UISupportedInterfaceOrientations_iPad = "UIInterfaceOrientationPortrait UIInterfaceOrientationPortraitUpsideDown UIInterfaceOrientationLandscapeLeft UIInterfaceOrientationLandscapeRight";
				INFOPLIST_KEY_UISupportedInterfaceOrientations_iPhone = "UIInterfaceOrientationPortrait UIInterfaceOrientationLandscapeLeft UIInterfaceOrientationLandscapeRight";
				LD_RUNPATH_SEARCH_PATHS = (
					"$(inherited)",
					"@executable_path/Frameworks",
				);
				MARKETING_VERSION = 1.0;
				PRODUCT_BUNDLE_IDENTIFIER = io.zzuwiglaisi.MarvelProveCD;
				PRODUCT_NAME = "$(TARGET_NAME)";
				SWIFT_EMIT_LOC_STRINGS = YES;
				SWIFT_VERSION = 5.0;
				TARGETED_DEVICE_FAMILY = "1,2";
			};
			name = Release;
		};
/* End XCBuildConfiguration section */

/* Begin XCConfigurationList section */
		CEB338B82E398BD400ADA901 /* Build configuration list for PBXProject "MarvelProveCD" */ = {
			isa = XCConfigurationList;
			buildConfigurations = (
				CEB338CF2E398BD600ADA901 /* Debug */,
				CEB338D02E398BD600ADA901 /* Release */,
			);
			defaultConfigurationIsVisible = 0;
			defaultConfigurationName = Release;
		};
		CEB338D12E398BD600ADA901 /* Build configuration list for PBXNativeTarget "MarvelProveCD" */ = {
			isa = XCConfigurationList;
			buildConfigurations = (
				CEB338D22E398BD600ADA901 /* Debug */,
				CEB338D32E398BD600ADA901 /* Release */,
			);
			defaultConfigurationIsVisible = 0;
			defaultConfigurationName = Release;
		};
/* End XCConfigurationList section */

/* Begin XCVersionGroup section */
		CEB338E22E3C580100ADA901 /* Model.xcdatamodeld */ = {
			isa = XCVersionGroup;
			children = (
				CEB338E32E3C580100ADA901 /* Model.xcdatamodel */,
			);
			currentVersion = CEB338E32E3C580100ADA901 /* Model.xcdatamodel */;
			path = Model.xcdatamodeld;
			sourceTree = "<group>";
			versionGroupType = wrapper.xcdatamodel;
		};
/* End XCVersionGroup section */
	};
	rootObject = CEB338B52E398BD400ADA901 /* Project object */;
}
